
Microsoft Visual Studio Solution File, Format Version 12.00
# Visual Studio Version 17
VisualStudioVersion = 17.10.35004.147
MinimumVisualStudioVersion = 10.0.40219.1
Project("{8BC9CEB8-8B4A-11D0-8D11-00A0C91BC942}") = "HelloWorld", "C_language\C_language.vcxproj", "{2CB58A00-C704-4AE5-AC90-D6050B46737B}"
EndProject
Project("{8BC9CEB8-8B4A-11D0-8D11-00A0C91BC942}") = "MyGame", "MyGame\MyGame.vcxproj", "{9E729CC4-BEE1-4E2F-8541-60BA4DDECD2F}"
EndProject
Project("{8BC9CEB8-8B4A-11D0-8D11-00A0C91BC942}") = "avoid_star", "avoid_star\avoid_star.vcxproj", "{78EB0716-AD6A-4F07-8DFD-19F73E6A439F}"
EndProject
Global
	GlobalSection(SolutionConfigurationPlatforms) = preSolution
		Debug|x64 = Debug|x64
		Debug|x86 = Debug|x86
		Release|x64 = Release|x64
		Release|x86 = Release|x86
	EndGlobalSection
	GlobalSection(ProjectConfigurationPlatforms) = postSolution
		{2CB58A00-C704-4AE5-AC90-D6050B46737B}.Debug|x64.ActiveCfg = Debug|x64
		{2CB58A00-C704-4AE5-AC90-D6050B46737B}.Debug|x64.Build.0 = Debug|x64
		{2CB58A00-C704-4AE5-AC90-D6050B46737B}.Debug|x86.ActiveCfg = Debug|Win32
		{2CB58A00-C704-4AE5-AC90-D6050B46737B}.Debug|x86.Build.0 = Debug|Win32
		{2CB58A00-C704-4AE5-AC90-D6050B46737B}.Release|x64.ActiveCfg = Release|x64
		{2CB58A00-C704-4AE5-AC90-D6050B46737B}.Release|x64.Build.0 = Release|x64
		{2CB58A00-C704-4AE5-AC90-D6050B46737B}.Release|x86.ActiveCfg = Release|Win32
		{2CB58A00-C704-4AE5-AC90-D6050B46737B}.Release|x86.Build.0 = Release|Win32
		{9E729CC4-BEE1-4E2F-8541-60BA4DDECD2F}.Debug|x64.ActiveCfg = Debug|x64
		{9E729CC4-BEE1-4E2F-8541-60BA4DDECD2F}.Debug|x64.Build.0 = Debug|x64
		{9E729CC4-BEE1-4E2F-8541-60BA4DDECD2F}.Debug|x86.ActiveCfg = Debug|Win32
		{9E729CC4-BEE1-4E2F-8541-60BA4DDECD2F}.Debug|x86.Build.0 = Debug|Win32
		{9E729CC4-BEE1-4E2F-8541-60BA4DDECD2F}.Release|x64.ActiveCfg = Release|x64
		{9E729CC4-BEE1-4E2F-8541-60BA4DDECD2F}.Release|x64.Build.0 = Release|x64
		{9E729CC4-BEE1-4E2F-8541-60BA4DDECD2F}.Release|x86.ActiveCfg = Release|Win32
		{9E729CC4-BEE1-4E2F-8541-60BA4DDECD2F}.Release|x86.Build.0 = Release|Win32
		{78EB0716-AD6A-4F07-8DFD-19F73E6A439F}.Debug|x64.ActiveCfg = Debug|x64
		{78EB0716-AD6A-4F07-8DFD-19F73E6A439F}.Debug|x64.Build.0 = Debug|x64
		{78EB0716-AD6A-4F07-8DFD-19F73E6A439F}.Debug|x86.ActiveCfg = Debug|Win32
		{78EB0716-AD6A-4F07-8DFD-19F73E6A439F}.Debug|x86.Build.0 = Debug|Win32
		{78EB0716-AD6A-4F07-8DFD-19F73E6A439F}.Release|x64.ActiveCfg = Release|x64
		{78EB0716-AD6A-4F07-8DFD-19F73E6A439F}.Release|x64.Build.0 = Release|x64
		{78EB0716-AD6A-4F07-8DFD-19F73E6A439F}.Release|x86.ActiveCfg = Release|Win32
		{78EB0716-AD6A-4F07-8DFD-19F73E6A439F}.Release|x86.Build.0 = Release|Win32
	EndGlobalSection
	GlobalSection(SolutionProperties) = preSolution
		HideSolutionNode = FALSE
	EndGlobalSection
	GlobalSection(ExtensibilityGlobals) = postSolution
		SolutionGuid = {E447D539-21C8-433B-A879-88571E05885C}
	EndGlobalSection
EndGlobal
